// !$*UTF8*$!
{
	archiveVersion = 1;
	classes = {
	};
	objectVersion = 51;
	objects = {

/* Begin PBXBuildFile section */
		609CBFF722A9085800A6CE25 /* AppDelegate.swift in Sources */ = {isa = PBXBuildFile; fileRef = 609CBFF622A9085800A6CE25 /* AppDelegate.swift */; };
		609CBFF922A9085800A6CE25 /* ViewController.swift in Sources */ = {isa = PBXBuildFile; fileRef = 609CBFF822A9085800A6CE25 /* ViewController.swift */; };
		609CBFFC22A9085800A6CE25 /* Main.storyboard in Resources */ = {isa = PBXBuildFile; fileRef = 609CBFFA22A9085800A6CE25 /* Main.storyboard */; };
		609CBFFE22A9085B00A6CE25 /* Assets.xcassets in Resources */ = {isa = PBXBuildFile; fileRef = 609CBFFD22A9085B00A6CE25 /* Assets.xcassets */; };
		609CC00122A9085B00A6CE25 /* LaunchScreen.storyboard in Resources */ = {isa = PBXBuildFile; fileRef = 609CBFFF22A9085B00A6CE25 /* LaunchScreen.storyboard */; };
		F014447FBDB409ECAB56CB51 /* libPods-Simple BarcodeScanner.a in Frameworks */ = {isa = PBXBuildFile; fileRef = FC84445394E4272A29FC782E /* libPods-Simple BarcodeScanner.a */; };
/* End PBXBuildFile section */

/* Begin PBXFileReference section */
		609CBFF322A9085800A6CE25 /* Simple BarcodeScanner.app */ = {isa = PBXFileReference; explicitFileType = wrapper.application; includeInIndex = 0; path = "Simple BarcodeScanner.app"; sourceTree = BUILT_PRODUCTS_DIR; };
		609CBFF622A9085800A6CE25 /* AppDelegate.swift */ = {isa = PBXFileReference; lastKnownFileType = sourcecode.swift; path = AppDelegate.swift; sourceTree = "<group>"; };
		609CBFF822A9085800A6CE25 /* ViewController.swift */ = {isa = PBXFileReference; lastKnownFileType = sourcecode.swift; path = ViewController.swift; sourceTree = "<group>"; };
		609CBFFB22A9085800A6CE25 /* Base */ = {isa = PBXFileReference; lastKnownFileType = file.storyboard; name = Base; path = Base.lproj/Main.storyboard; sourceTree = "<group>"; };
		609CBFFD22A9085B00A6CE25 /* Assets.xcassets */ = {isa = PBXFileReference; lastKnownFileType = folder.assetcatalog; path = Assets.xcassets; sourceTree = "<group>"; };
		609CC00022A9085B00A6CE25 /* Base */ = {isa = PBXFileReference; lastKnownFileType = file.storyboard; name = Base; path = Base.lproj/LaunchScreen.storyboard; sourceTree = "<group>"; };
		609CC00222A9085B00A6CE25 /* Info.plist */ = {isa = PBXFileReference; lastKnownFileType = text.plist.xml; path = Info.plist; sourceTree = "<group>"; };
		680A5D2CEFA237E10827BE84 /* Pods-Simple BarcodeScanner.release.xcconfig */ = {isa = PBXFileReference; includeInIndex = 1; lastKnownFileType = text.xcconfig; name = "Pods-Simple BarcodeScanner.release.xcconfig"; path = "Target Support Files/Pods-Simple BarcodeScanner/Pods-Simple BarcodeScanner.release.xcconfig"; sourceTree = "<group>"; };
		CCF53145E17B1DEF2758C1CA /* Pods-Simple BarcodeScanner.debug.xcconfig */ = {isa = PBXFileReference; includeInIndex = 1; lastKnownFileType = text.xcconfig; name = "Pods-Simple BarcodeScanner.debug.xcconfig"; path = "Target Support Files/Pods-Simple BarcodeScanner/Pods-Simple BarcodeScanner.debug.xcconfig"; sourceTree = "<group>"; };
		FC84445394E4272A29FC782E /* libPods-Simple BarcodeScanner.a */ = {isa = PBXFileReference; explicitFileType = archive.ar; includeInIndex = 0; path = "libPods-Simple BarcodeScanner.a"; sourceTree = BUILT_PRODUCTS_DIR; };
/* End PBXFileReference section */

/* Begin PBXFrameworksBuildPhase section */
		609CBFF022A9085800A6CE25 /* Frameworks */ = {
			isa = PBXFrameworksBuildPhase;
			buildActionMask = 2147483647;
			files = (
				F014447FBDB409ECAB56CB51 /* libPods-Simple BarcodeScanner.a in Frameworks */,
			);
			runOnlyForDeploymentPostprocessing = 0;
		};
/* End PBXFrameworksBuildPhase section */

/* Begin PBXGroup section */
		609CBFEA22A9085800A6CE25 = {
			isa = PBXGroup;
			children = (
				609CBFF522A9085800A6CE25 /* Simple BarcodeScanner */,
				609CBFF422A9085800A6CE25 /* Products */,
				B723892520CBB62C47EA2BF6 /* Pods */,
				B1033F10ECF59503468DBEFC /* Frameworks */,
			);
			sourceTree = "<group>";
		};
		609CBFF422A9085800A6CE25 /* Products */ = {
			isa = PBXGroup;
			children = (
				609CBFF322A9085800A6CE25 /* Simple BarcodeScanner.app */,
			);
			name = Products;
			sourceTree = "<group>";
		};
		609CBFF522A9085800A6CE25 /* Simple BarcodeScanner */ = {
			isa = PBXGroup;
			children = (
				609CBFF622A9085800A6CE25 /* AppDelegate.swift */,
				609CBFF822A9085800A6CE25 /* ViewController.swift */,
				609CBFFA22A9085800A6CE25 /* Main.storyboard */,
				609CBFFD22A9085B00A6CE25 /* Assets.xcassets */,
				609CBFFF22A9085B00A6CE25 /* LaunchScreen.storyboard */,
				609CC00222A9085B00A6CE25 /* Info.plist */,
			);
			path = "Simple BarcodeScanner";
			sourceTree = "<group>";
		};
		B1033F10ECF59503468DBEFC /* Frameworks */ = {
			isa = PBXGroup;
			children = (
				FC84445394E4272A29FC782E /* libPods-Simple BarcodeScanner.a */,
			);
			name = Frameworks;
			sourceTree = "<group>";
		};
		B723892520CBB62C47EA2BF6 /* Pods */ = {
			isa = PBXGroup;
			children = (
				CCF53145E17B1DEF2758C1CA /* Pods-Simple BarcodeScanner.debug.xcconfig */,
				680A5D2CEFA237E10827BE84 /* Pods-Simple BarcodeScanner.release.xcconfig */,
			);
			path = Pods;
			sourceTree = "<group>";
		};
/* End PBXGroup section */

/* Begin PBXNativeTarget section */
		609CBFF222A9085800A6CE25 /* Simple BarcodeScanner */ = {
			isa = PBXNativeTarget;
			buildConfigurationList = 609CC00522A9085B00A6CE25 /* Build configuration list for PBXNativeTarget "Simple BarcodeScanner" */;
			buildPhases = (
				E0223C88404297B2607076E2 /* [CP] Check Pods Manifest.lock */,
				609CBFEF22A9085800A6CE25 /* Sources */,
				609CBFF022A9085800A6CE25 /* Frameworks */,
				609CBFF122A9085800A6CE25 /* Resources */,
				66F9F1806236264ADED0A3CF /* [CP] Copy Pods Resources */,
			);
			buildRules = (
			);
			dependencies = (
			);
			name = "Simple BarcodeScanner";
			productName = "Simple BarcodeScanner";
			productReference = 609CBFF322A9085800A6CE25 /* Simple BarcodeScanner.app */;
			productType = "com.apple.product-type.application";
		};
/* End PBXNativeTarget section */

/* Begin PBXProject section */
		609CBFEB22A9085800A6CE25 /* Project object */ = {
			isa = PBXProject;
			attributes = {
				LastSwiftUpdateCheck = 1020;
				LastUpgradeCheck = 1020;
				ORGANIZATIONNAME = RDC;
				TargetAttributes = {
					609CBFF222A9085800A6CE25 = {
						CreatedOnToolsVersion = 10.2;
					};
				};
			};
			buildConfigurationList = 609CBFEE22A9085800A6CE25 /* Build configuration list for PBXProject "Simple BarcodeScanner" */;
			compatibilityVersion = "Xcode 9.3";
			developmentRegion = en;
			hasScannedForEncodings = 0;
			knownRegions = (
				en,
				Base,
			);
			mainGroup = 609CBFEA22A9085800A6CE25;
			productRefGroup = 609CBFF422A9085800A6CE25 /* Products */;
			projectDirPath = "";
			projectRoot = "";
			targets = (
				609CBFF222A9085800A6CE25 /* Simple BarcodeScanner */,
			);
		};
/* End PBXProject section */

/* Begin PBXResourcesBuildPhase section */
		609CBFF122A9085800A6CE25 /* Resources */ = {
			isa = PBXResourcesBuildPhase;
			buildActionMask = 2147483647;
			files = (
				609CC00122A9085B00A6CE25 /* LaunchScreen.storyboard in Resources */,
				609CBFFE22A9085B00A6CE25 /* Assets.xcassets in Resources */,
				609CBFFC22A9085800A6CE25 /* Main.storyboard in Resources */,
			);
			runOnlyForDeploymentPostprocessing = 0;
		};
/* End PBXResourcesBuildPhase section */

/* Begin PBXShellScriptBuildPhase section */
		66F9F1806236264ADED0A3CF /* [CP] Copy Pods Resources */ = {
			isa = PBXShellScriptBuildPhase;
			buildActionMask = 2147483647;
			files = (
			);
			inputFileListPaths = (
				"${PODS_ROOT}/Target Support Files/Pods-Simple BarcodeScanner/Pods-Simple BarcodeScanner-resources-${CONFIGURATION}-input-files.xcfilelist",
			);
			name = "[CP] Copy Pods Resources";
			outputFileListPaths = (
				"${PODS_ROOT}/Target Support Files/Pods-Simple BarcodeScanner/Pods-Simple BarcodeScanner-resources-${CONFIGURATION}-output-files.xcfilelist",
			);
			runOnlyForDeploymentPostprocessing = 0;
			shellPath = /bin/sh;
			shellScript = "\"${PODS_ROOT}/Target Support Files/Pods-Simple BarcodeScanner/Pods-Simple BarcodeScanner-resources.sh\"\n";
			showEnvVarsInLog = 0;
		};
		E0223C88404297B2607076E2 /* [CP] Check Pods Manifest.lock */ = {
			isa = PBXShellScriptBuildPhase;
			buildActionMask = 2147483647;
			files = (
			);
			inputFileListPaths = (
			);
			inputPaths = (
				"${PODS_PODFILE_DIR_PATH}/Podfile.lock",
				"${PODS_ROOT}/Manifest.lock",
			);
			name = "[CP] Check Pods Manifest.lock";
			outputFileListPaths = (
			);
			outputPaths = (
				"$(DERIVED_FILE_DIR)/Pods-Simple BarcodeScanner-checkManifestLockResult.txt",
			);
			runOnlyForDeploymentPostprocessing = 0;
			shellPath = /bin/sh;
			shellScript = "diff \"${PODS_PODFILE_DIR_PATH}/Podfile.lock\" \"${PODS_ROOT}/Manifest.lock\" > /dev/null\nif [ $? != 0 ] ; then\n    # print error to STDERR\n    echo \"error: The sandbox is not in sync with the Podfile.lock. Run 'pod install' or update your CocoaPods installation.\" >&2\n    exit 1\nfi\n# This output is used by Xcode 'outputs' to avoid re-running this script phase.\necho \"SUCCESS\" > \"${SCRIPT_OUTPUT_FILE_0}\"\n";
			showEnvVarsInLog = 0;
		};
/* End PBXShellScriptBuildPhase section */

/* Begin PBXSourcesBuildPhase section */
		609CBFEF22A9085800A6CE25 /* Sources */ = {
			isa = PBXSourcesBuildPhase;
			buildActionMask = 2147483647;
			files = (
				609CBFF922A9085800A6CE25 /* ViewController.swift in Sources */,
				609CBFF722A9085800A6CE25 /* AppDelegate.swift in Sources */,
			);
			runOnlyForDeploymentPostprocessing = 0;
		};
/* End PBXSourcesBuildPhase section */

/* Begin PBXVariantGroup section */
		609CBFFA22A9085800A6CE25 /* Main.storyboard */ = {
			isa = PBXVariantGroup;
			children = (
				609CBFFB22A9085800A6CE25 /* Base */,
			);
			name = Main.storyboard;
			sourceTree = "<group>";
		};
		609CBFFF22A9085B00A6CE25 /* LaunchScreen.storyboard */ = {
			isa = PBXVariantGroup;
			children = (
				609CC00022A9085B00A6CE25 /* Base */,
			);
			name = LaunchScreen.storyboard;
			sourceTree = "<group>";
		};
/* End PBXVariantGroup section */

/* Begin XCBuildConfiguration section */
		609CC00322A9085B00A6CE25 /* Debug */ = {
			isa = XCBuildConfiguration;
			buildSettings = {
				ALWAYS_SEARCH_USER_PATHS = NO;
				CLANG_ANALYZER_NONNULL = YES;
				CLANG_ANALYZER_NUMBER_OBJECT_CONVERSION = YES_AGGRESSIVE;
				CLANG_CXX_LANGUAGE_STANDARD = "gnu++14";
				CLANG_CXX_LIBRARY = "libc++";
				CLANG_ENABLE_MODULES = YES;
				CLANG_ENABLE_OBJC_ARC = YES;
				CLANG_ENABLE_OBJC_WEAK = YES;
				CLANG_WARN_BLOCK_CAPTURE_AUTORELEASING = YES;
				CLANG_WARN_BOOL_CONVERSION = YES;
				CLANG_WARN_COMMA = YES;
				CLANG_WARN_CONSTANT_CONVERSION = YES;
				CLANG_WARN_DEPRECATED_OBJC_IMPLEMENTATIONS = YES;
				CLANG_WARN_DIRECT_OBJC_ISA_USAGE = YES_ERROR;
				CLANG_WARN_DOCUMENTATION_COMMENTS = YES;
				CLANG_WARN_EMPTY_BODY = YES;
				CLANG_WARN_ENUM_CONVERSION = YES;
				CLANG_WARN_INFINITE_RECURSION = YES;
				CLANG_WARN_INT_CONVERSION = YES;
				CLANG_WARN_NON_LITERAL_NULL_CONVERSION = YES;
				CLANG_WARN_OBJC_IMPLICIT_RETAIN_SELF = YES;
				CLANG_WARN_OBJC_LITERAL_CONVERSION = YES;
				CLANG_WARN_OBJC_ROOT_CLASS = YES_ERROR;
				CLANG_WARN_RANGE_LOOP_ANALYSIS = YES;
				CLANG_WARN_STRICT_PROTOTYPES = YES;
				CLANG_WARN_SUSPICIOUS_MOVE = YES;
				CLANG_WARN_UNGUARDED_AVAILABILITY = YES_AGGRESSIVE;
				CLANG_WARN_UNREACHABLE_CODE = YES;
				CLANG_WARN__DUPLICATE_METHOD_MATCH = YES;
				CODE_SIGN_IDENTITY = "iPhone Developer";
				COPY_PHASE_STRIP = NO;
				DEBUG_INFORMATION_FORMAT = dwarf;
				ENABLE_STRICT_OBJC_MSGSEND = YES;
				ENABLE_TESTABILITY = YES;
				GCC_C_LANGUAGE_STANDARD = gnu11;
				GCC_DYNAMIC_NO_PIC = NO;
				GCC_NO_COMMON_BLOCKS = YES;
				GCC_OPTIMIZATION_LEVEL = 0;
				GCC_PREPROCESSOR_DEFINITIONS = (
					"DEBUG=1",
					"$(inherited)",
				);
				GCC_WARN_64_TO_32_BIT_CONVERSION = YES;
				GCC_WARN_ABOUT_RETURN_TYPE = YES_ERROR;
				GCC_WARN_UNDECLARED_SELECTOR = YES;
				GCC_WARN_UNINITIALIZED_AUTOS = YES_AGGRESSIVE;
				GCC_WARN_UNUSED_FUNCTION = YES;
				GCC_WARN_UNUSED_VARIABLE = YES;
				IPHONEOS_DEPLOYMENT_TARGET = 12.2;
				MTL_ENABLE_DEBUG_INFO = INCLUDE_SOURCE;
				MTL_FAST_MATH = YES;
				ONLY_ACTIVE_ARCH = YES;
				SDKROOT = iphoneos;
				SWIFT_ACTIVE_COMPILATION_CONDITIONS = DEBUG;
				SWIFT_OPTIMIZATION_LEVEL = "-Onone";
			};
			name = Debug;
		};
		609CC00422A9085B00A6CE25 /* Release */ = {
			isa = XCBuildConfiguration;
			buildSettings = {
				ALWAYS_SEARCH_USER_PATHS = NO;
				CLANG_ANALYZER_NONNULL = YES;
				CLANG_ANALYZER_NUMBER_OBJECT_CONVERSION = YES_AGGRESSIVE;
				CLANG_CXX_LANGUAGE_STANDARD = "gnu++14";
				CLANG_CXX_LIBRARY = "libc++";
				CLANG_ENABLE_MODULES = YES;
				CLANG_ENABLE_OBJC_ARC = YES;
				CLANG_ENABLE_OBJC_WEAK = YES;
				CLANG_WARN_BLOCK_CAPTURE_AUTORELEASING = YES;
				CLANG_WARN_BOOL_CONVERSION = YES;
				CLANG_WARN_COMMA = YES;
				CLANG_WARN_CONSTANT_CONVERSION = YES;
				CLANG_WARN_DEPRECATED_OBJC_IMPLEMENTATIONS = YES;
				CLANG_WARN_DIRECT_OBJC_ISA_USAGE = YES_ERROR;
				CLANG_WARN_DOCUMENTATION_COMMENTS = YES;
				CLANG_WARN_EMPTY_BODY = YES;
				CLANG_WARN_ENUM_CONVERSION = YES;
				CLANG_WARN_INFINITE_RECURSION = YES;
				CLANG_WARN_INT_CONVERSION = YES;
				CLANG_WARN_NON_LITERAL_NULL_CONVERSION = YES;
				CLANG_WARN_OBJC_IMPLICIT_RETAIN_SELF = YES;
				CLANG_WARN_OBJC_LITERAL_CONVERSION = YES;
				CLANG_WARN_OBJC_ROOT_CLASS = YES_ERROR;
				CLANG_WARN_RANGE_LOOP_ANALYSIS = YES;
				CLANG_WARN_STRICT_PROTOTYPES = YES;
				CLANG_WARN_SUSPICIOUS_MOVE = YES;
				CLANG_WARN_UNGUARDED_AVAILABILITY = YES_AGGRESSIVE;
				CLANG_WARN_UNREACHABLE_CODE = YES;
				CLANG_WARN__DUPLICATE_METHOD_MATCH = YES;
				CODE_SIGN_IDENTITY = "iPhone Developer";
				COPY_PHASE_STRIP = NO;
				DEBUG_INFORMATION_FORMAT = "dwarf-with-dsym";
				ENABLE_NS_ASSERTIONS = NO;
				ENABLE_STRICT_OBJC_MSGSEND = YES;
				GCC_C_LANGUAGE_STANDARD = gnu11;
				GCC_NO_COMMON_BLOCKS = YES;
				GCC_WARN_64_TO_32_BIT_CONVERSION = YES;
				GCC_WARN_ABOUT_RETURN_TYPE = YES_ERROR;
				GCC_WARN_UNDECLARED_SELECTOR = YES;
				GCC_WARN_UNINITIALIZED_AUTOS = YES_AGGRESSIVE;
				GCC_WARN_UNUSED_FUNCTION = YES;
				GCC_WARN_UNUSED_VARIABLE = YES;
				IPHONEOS_DEPLOYMENT_TARGET = 12.2;
				MTL_ENABLE_DEBUG_INFO = NO;
				MTL_FAST_MATH = YES;
				SDKROOT = iphoneos;
				SWIFT_COMPILATION_MODE = wholemodule;
				SWIFT_OPTIMIZATION_LEVEL = "-O";
				VALIDATE_PRODUCT = YES;
			};
			name = Release;
		};
		609CC00622A9085B00A6CE25 /* Debug */ = {
			isa = XCBuildConfiguration;
			baseConfigurationReference = CCF53145E17B1DEF2758C1CA /* Pods-Simple BarcodeScanner.debug.xcconfig */;
			buildSettings = {
				ASSETCATALOG_COMPILER_APPICON_NAME = AppIcon;
				CODE_SIGN_STYLE = Automatic;
				DEVELOPMENT_TEAM = G87CHFM45D;
				INFOPLIST_FILE = "Simple BarcodeScanner/Info.plist";
				LD_RUNPATH_SEARCH_PATHS = (
					"$(inherited)",
					"@executable_path/Frameworks",
				);
				PRODUCT_BUNDLE_IDENTIFIER = com.rdc.TeePee;
				PRODUCT_NAME = "$(TARGET_NAME)";
				SWIFT_VERSION = 5.0;
				TARGETED_DEVICE_FAMILY = "1,2";
			};
			name = Debug;
		};
		609CC00722A9085B00A6CE25 /* Release */ = {
			isa = XCBuildConfiguration;
			baseConfigurationReference = 680A5D2CEFA237E10827BE84 /* Pods-Simple BarcodeScanner.release.xcconfig */;
			buildSettings = {
				ASSETCATALOG_COMPILER_APPICON_NAME = AppIcon;
				CODE_SIGN_STYLE = Automatic;
				DEVELOPMENT_TEAM = G87CHFM45D;
				INFOPLIST_FILE = "Simple BarcodeScanner/Info.plist";
				LD_RUNPATH_SEARCH_PATHS = (
					"$(inherited)",
					"@executable_path/Frameworks",
				);
				PRODUCT_BUNDLE_IDENTIFIER = com.rdc.TeePee;
				PRODUCT_NAME = "$(TARGET_NAME)";
				SWIFT_VERSION = 5.0;
				TARGETED_DEVICE_FAMILY = "1,2";
			};
			name = Release;
		};
/* End XCBuildConfiguration section */

/* Begin XCConfigurationList section */
		609CBFEE22A9085800A6CE25 /* Build configuration list for PBXProject "Simple BarcodeScanner" */ = {
			isa = XCConfigurationList;
			buildConfigurations = (
				609CC00322A9085B00A6CE25 /* Debug */,
				609CC00422A9085B00A6CE25 /* Release */,
			);
			defaultConfigurationIsVisible = 0;
			defaultConfigurationName = Release;
		};
		609CC00522A9085B00A6CE25 /* Build configuration list for PBXNativeTarget "Simple BarcodeScanner" */ = {
			isa = XCConfigurationList;
			buildConfigurations = (
				609CC00622A9085B00A6CE25 /* Debug */,
				609CC00722A9085B00A6CE25 /* Release */,
			);
			defaultConfigurationIsVisible = 0;
			defaultConfigurationName = Release;
		};
/* End XCConfigurationList section */
	};
	rootObject = 609CBFEB22A9085800A6CE25 /* Project object */;
}
